
Microsoft Visual Studio Solution File, Format Version 12.00
# Visual Studio Version 17
VisualStudioVersion = 17.10.34928.147
MinimumVisualStudioVersion = 10.0.40219.1
Project("{FAE04EC0-301F-11D3-BF4B-00C04F79EFBC}") = "LibraryAPI", "LibraryAPI.csproj", "{A9674BB2-5DBC-4D8A-AED2-C26340C493FD}"
EndProject
Global
	GlobalSection(SolutionConfigurationPlatforms) = preSolution
		Debug|Any CPU = Debug|Any CPU
		Release|Any CPU = Release|Any CPU
	EndGlobalSection
	GlobalSection(ProjectConfigurationPlatforms) = postSolution
		{A9674BB2-5DBC-4D8A-AED2-C26340C493FD}.Debug|Any CPU.ActiveCfg = Debug|Any CPU
		{A9674BB2-5DBC-4D8A-AED2-C26340C493FD}.Debug|Any CPU.Build.0 = Debug|Any CPU
		{A9674BB2-5DBC-4D8A-AED2-C26340C493FD}.Release|Any CPU.ActiveCfg = Release|Any CPU
		{A9674BB2-5DBC-4D8A-AED2-C26340C493FD}.Release|Any CPU.Build.0 = Release|Any CPU
	EndGlobalSection
	GlobalSection(SolutionProperties) = preSolution
		HideSolutionNode = FALSE
	EndGlobalSection
	GlobalSection(ExtensibilityGlobals) = postSolution
		SolutionGuid = {0535A8E3-B388-4691-A7D1-A3F08B8AED3A}
	EndGlobalSection
EndGlobal
